
Microsoft Visual Studio Solution File, Format Version 12.00
# Visual Studio Version 17
VisualStudioVersion = 17.9.34622.214
MinimumVisualStudioVersion = 10.0.40219.1
Project("{FAE04EC0-301F-11D3-BF4B-00C04F79EFBC}") = "Restaurant_DBMS", "Restaurant_DBMS\Restaurant_DBMS.csproj", "{87718E95-FC95-4337-B5BF-AE9C72375E29}"
EndProject
Global
	GlobalSection(SolutionConfigurationPlatforms) = preSolution
		Debug|Any CPU = Debug|Any CPU
		Release|Any CPU = Release|Any CPU
	EndGlobalSection
	GlobalSection(ProjectConfigurationPlatforms) = postSolution
		{87718E95-FC95-4337-B5BF-AE9C72375E29}.Debug|Any CPU.ActiveCfg = Debug|Any CPU
		{87718E95-FC95-4337-B5BF-AE9C72375E29}.Debug|Any CPU.Build.0 = Debug|Any CPU
		{87718E95-FC95-4337-B5BF-AE9C72375E29}.Release|Any CPU.ActiveCfg = Release|Any CPU
		{87718E95-FC95-4337-B5BF-AE9C72375E29}.Release|Any CPU.Build.0 = Release|Any CPU
	EndGlobalSection
	GlobalSection(SolutionProperties) = preSolution
		HideSolutionNode = FALSE
	EndGlobalSection
	GlobalSection(ExtensibilityGlobals) = postSolution
		SolutionGuid = {0323EA60-9006-4970-80B7-FF29515410AF}
	EndGlobalSection
EndGlobal
